
Microsoft Visual Studio Solution File, Format Version 12.00
# Visual Studio Version 17
VisualStudioVersion = 17.12.35728.132 d17.12
MinimumVisualStudioVersion = 10.0.40219.1
Project("{FAE04EC0-301F-11D3-BF4B-00C04F79EFBC}") = "WinFormsApp8", "WinFormsApp8\WinFormsApp8.csproj", "{C00B7021-3CCA-4E6F-ADF3-DD8481BAD7A2}"
EndProject
Global
	GlobalSection(SolutionConfigurationPlatforms) = preSolution
		Debug|Any CPU = Debug|Any CPU
		Release|Any CPU = Release|Any CPU
	EndGlobalSection
	GlobalSection(ProjectConfigurationPlatforms) = postSolution
		{C00B7021-3CCA-4E6F-ADF3-DD8481BAD7A2}.Debug|Any CPU.ActiveCfg = Debug|Any CPU
		{C00B7021-3CCA-4E6F-ADF3-DD8481BAD7A2}.Debug|Any CPU.Build.0 = Debug|Any CPU
		{C00B7021-3CCA-4E6F-ADF3-DD8481BAD7A2}.Release|Any CPU.ActiveCfg = Release|Any CPU
		{C00B7021-3CCA-4E6F-ADF3-DD8481BAD7A2}.Release|Any CPU.Build.0 = Release|Any CPU
	EndGlobalSection
	GlobalSection(SolutionProperties) = preSolution
		HideSolutionNode = FALSE
	EndGlobalSection
EndGlobal
